
Microsoft Visual Studio Solution File, Format Version 12.00
Project("{FAE04EC0-301F-11D3-BF4B-00C04F79EFBC}") = "StraightforwardCQRS.Core", "src\StraightforwardCQRS.Core\StraightforwardCQRS.Core.csproj", "{034EB78A-1A73-4A8F-A3B1-7D748C99AA56}"
EndProject
Project("{FAE04EC0-301F-11D3-BF4B-00C04F79EFBC}") = "StraightforwardCQRS.Core.Autofac", "src\StraightforwardCQRS.Core.Autofac\StraightforwardCQRS.Core.Autofac.csproj", "{8D0BF3A7-D6D2-4B59-A9E5-F02BE4CE16E7}"
EndProject
Project("{FAE04EC0-301F-11D3-BF4B-00C04F79EFBC}") = "StraightforwardCQRS.Core.AspNetCore", "src\StraightforwardCQRS.Core.AspNetCore\StraightforwardCQRS.Core.AspNetCore.csproj", "{AA489848-FEC4-4335-AB5B-CA24C44DDB13}"
EndProject
Project("{2150E333-8FDC-42A3-9474-1A3956D46DE8}") = "Tests", "Tests", "{0CEE6372-266D-4BA6-B03A-1D5F867F36D7}"
EndProject
Project("{2150E333-8FDC-42A3-9474-1A3956D46DE8}") = "Samples", "Samples", "{A412DD13-A546-47CE-9D54-985D0CC467A4}"
EndProject
Project("{2150E333-8FDC-42A3-9474-1A3956D46DE8}") = "Core", "Core", "{EAF60243-F07D-48FB-A1ED-9F7D7C6CC00A}"
EndProject
Project("{FAE04EC0-301F-11D3-BF4B-00C04F79EFBC}") = "StraightforwardCQRS.Samples.Autofac", "samples\StraightforwardCQRS.Samples.Autofac\StraightforwardCQRS.Samples.Autofac.csproj", "{29AB66ED-3EA1-43B5-8C79-F2789276CF1C}"
EndProject
Project("{FAE04EC0-301F-11D3-BF4B-00C04F79EFBC}") = "StraightforwardCQRS.Samples.Common", "samples\StraightforwardCQRS.Samples.Common\StraightforwardCQRS.Samples.Common.csproj", "{44236801-FB0C-4831-A8FD-C59F57DA62BB}"
EndProject
Project("{FAE04EC0-301F-11D3-BF4B-00C04F79EFBC}") = "StraightforwardCQRS.Samples.AspNetCore", "samples\StraightforwardCQRS.Samples.AspNetCore\StraightforwardCQRS.Samples.AspNetCore.csproj", "{B97EA9E1-4579-477B-A558-20A26E8F72F3}"
EndProject
Global
	GlobalSection(SolutionConfigurationPlatforms) = preSolution
		Debug|Any CPU = Debug|Any CPU
		Release|Any CPU = Release|Any CPU
	EndGlobalSection
	GlobalSection(NestedProjects) = preSolution
		{AA489848-FEC4-4335-AB5B-CA24C44DDB13} = {EAF60243-F07D-48FB-A1ED-9F7D7C6CC00A}
		{8D0BF3A7-D6D2-4B59-A9E5-F02BE4CE16E7} = {EAF60243-F07D-48FB-A1ED-9F7D7C6CC00A}
		{034EB78A-1A73-4A8F-A3B1-7D748C99AA56} = {EAF60243-F07D-48FB-A1ED-9F7D7C6CC00A}
		{29AB66ED-3EA1-43B5-8C79-F2789276CF1C} = {A412DD13-A546-47CE-9D54-985D0CC467A4}
		{44236801-FB0C-4831-A8FD-C59F57DA62BB} = {A412DD13-A546-47CE-9D54-985D0CC467A4}
		{B97EA9E1-4579-477B-A558-20A26E8F72F3} = {A412DD13-A546-47CE-9D54-985D0CC467A4}
	EndGlobalSection
	GlobalSection(ProjectConfigurationPlatforms) = postSolution
		{034EB78A-1A73-4A8F-A3B1-7D748C99AA56}.Debug|Any CPU.ActiveCfg = Debug|Any CPU
		{034EB78A-1A73-4A8F-A3B1-7D748C99AA56}.Debug|Any CPU.Build.0 = Debug|Any CPU
		{034EB78A-1A73-4A8F-A3B1-7D748C99AA56}.Release|Any CPU.ActiveCfg = Release|Any CPU
		{034EB78A-1A73-4A8F-A3B1-7D748C99AA56}.Release|Any CPU.Build.0 = Release|Any CPU
		{8D0BF3A7-D6D2-4B59-A9E5-F02BE4CE16E7}.Debug|Any CPU.ActiveCfg = Debug|Any CPU
		{8D0BF3A7-D6D2-4B59-A9E5-F02BE4CE16E7}.Debug|Any CPU.Build.0 = Debug|Any CPU
		{8D0BF3A7-D6D2-4B59-A9E5-F02BE4CE16E7}.Release|Any CPU.ActiveCfg = Release|Any CPU
		{8D0BF3A7-D6D2-4B59-A9E5-F02BE4CE16E7}.Release|Any CPU.Build.0 = Release|Any CPU
		{AA489848-FEC4-4335-AB5B-CA24C44DDB13}.Debug|Any CPU.ActiveCfg = Debug|Any CPU
		{AA489848-FEC4-4335-AB5B-CA24C44DDB13}.Debug|Any CPU.Build.0 = Debug|Any CPU
		{AA489848-FEC4-4335-AB5B-CA24C44DDB13}.Release|Any CPU.ActiveCfg = Release|Any CPU
		{AA489848-FEC4-4335-AB5B-CA24C44DDB13}.Release|Any CPU.Build.0 = Release|Any CPU
		{29AB66ED-3EA1-43B5-8C79-F2789276CF1C}.Debug|Any CPU.ActiveCfg = Debug|Any CPU
		{29AB66ED-3EA1-43B5-8C79-F2789276CF1C}.Debug|Any CPU.Build.0 = Debug|Any CPU
		{29AB66ED-3EA1-43B5-8C79-F2789276CF1C}.Release|Any CPU.ActiveCfg = Release|Any CPU
		{29AB66ED-3EA1-43B5-8C79-F2789276CF1C}.Release|Any CPU.Build.0 = Release|Any CPU
		{44236801-FB0C-4831-A8FD-C59F57DA62BB}.Debug|Any CPU.ActiveCfg = Debug|Any CPU
		{44236801-FB0C-4831-A8FD-C59F57DA62BB}.Debug|Any CPU.Build.0 = Debug|Any CPU
		{44236801-FB0C-4831-A8FD-C59F57DA62BB}.Release|Any CPU.ActiveCfg = Release|Any CPU
		{44236801-FB0C-4831-A8FD-C59F57DA62BB}.Release|Any CPU.Build.0 = Release|Any CPU
		{B97EA9E1-4579-477B-A558-20A26E8F72F3}.Debug|Any CPU.ActiveCfg = Debug|Any CPU
		{B97EA9E1-4579-477B-A558-20A26E8F72F3}.Debug|Any CPU.Build.0 = Debug|Any CPU
		{B97EA9E1-4579-477B-A558-20A26E8F72F3}.Release|Any CPU.ActiveCfg = Release|Any CPU
		{B97EA9E1-4579-477B-A558-20A26E8F72F3}.Release|Any CPU.Build.0 = Release|Any CPU
	EndGlobalSection
EndGlobal
